// !$*UTF8*$!
{
	archiveVersion = 1;
	classes = {
	};
	objectVersion = 56;
	objects = {

/* Begin PBXBuildFile section */
		E00E1D482C0770F800FD87C1 /* SignUpView.swift in Sources */ = {isa = PBXBuildFile; fileRef = E00E1D472C0770F700FD87C1 /* SignUpView.swift */; };
		E00E1D5A2C0774AE00FD87C1 /* HomeInfo.swift in Sources */ = {isa = PBXBuildFile; fileRef = E00E1D4C2C0774AE00FD87C1 /* HomeInfo.swift */; };
		E00E1D5B2C0774AE00FD87C1 /* HomeTokens.swift in Sources */ = {isa = PBXBuildFile; fileRef = E00E1D4D2C0774AE00FD87C1 /* HomeTokens.swift */; };
		E00E1D5C2C0774AE00FD87C1 /* HomeView.swift in Sources */ = {isa = PBXBuildFile; fileRef = E00E1D4F2C0774AE00FD87C1 /* HomeView.swift */; };
		E00E1D5D2C0774AE00FD87C1 /* ChatRow.swift in Sources */ = {isa = PBXBuildFile; fileRef = E00E1D512C0774AE00FD87C1 /* ChatRow.swift */; };
		E00E1D5E2C0774AE00FD87C1 /* MessageView.swift in Sources */ = {isa = PBXBuildFile; fileRef = E00E1D522C0774AE00FD87C1 /* MessageView.swift */; };
		E00E1D5F2C0774AE00FD87C1 /* ChatModel.swift in Sources */ = {isa = PBXBuildFile; fileRef = E00E1D542C0774AE00FD87C1 /* ChatModel.swift */; };
		E00E1D602C0774AE00FD87C1 /* ChatViewModel.swift in Sources */ = {isa = PBXBuildFile; fileRef = E00E1D552C0774AE00FD87C1 /* ChatViewModel.swift */; };
		E00E1D612C0774AE00FD87C1 /* DateHelpers.swift in Sources */ = {isa = PBXBuildFile; fileRef = E00E1D562C0774AE00FD87C1 /* DateHelpers.swift */; };
		E00E1D622C0774AE00FD87C1 /* ChatView.swift in Sources */ = {isa = PBXBuildFile; fileRef = E00E1D582C0774AE00FD87C1 /* ChatView.swift */; };
		E00E1D662C07777300FD87C1 /* GoogleService-Info.plist in Resources */ = {isa = PBXBuildFile; fileRef = E00E1D652C07777200FD87C1 /* GoogleService-Info.plist */; };
		E0C9308E2BFD23860098DB5B /* AccountView.swift in Sources */ = {isa = PBXBuildFile; fileRef = E0C930872BFD23860098DB5B /* AccountView.swift */; };
		E0C930912BFD23860098DB5B /* NewsView.swift in Sources */ = {isa = PBXBuildFile; fileRef = E0C9308A2BFD23860098DB5B /* NewsView.swift */; };
		E0C930932BFD23860098DB5B /* MainView.swift in Sources */ = {isa = PBXBuildFile; fileRef = E0C9308D2BFD23860098DB5B /* MainView.swift */; };
		E0C930952BFD39400098DB5B /* EventsView.swift in Sources */ = {isa = PBXBuildFile; fileRef = E0C930942BFD39400098DB5B /* EventsView.swift */; };
		E0EF5AF22BFBD6EA00F99C59 /* LoginView.swift in Sources */ = {isa = PBXBuildFile; fileRef = E0EF5AEF2BFBD6EA00F99C59 /* LoginView.swift */; };
		E0EF5AF52BFBD74500F99C59 /* .gitignore in Resources */ = {isa = PBXBuildFile; fileRef = E0EF5AF42BFBD74500F99C59 /* .gitignore */; };
		E6451F272BF7D2A800E8F481 /* CampusEventAppApp.swift in Sources */ = {isa = PBXBuildFile; fileRef = E6451F262BF7D2A800E8F481 /* CampusEventAppApp.swift */; };
		E6451F2B2BF7D2A800E8F481 /* Assets.xcassets in Resources */ = {isa = PBXBuildFile; fileRef = E6451F2A2BF7D2A800E8F481 /* Assets.xcassets */; };
		E6451F2E2BF7D2A800E8F481 /* Preview Assets.xcassets in Resources */ = {isa = PBXBuildFile; fileRef = E6451F2D2BF7D2A800E8F481 /* Preview Assets.xcassets */; };
		E6451F382BF7D2A900E8F481 /* CampusEventAppTests.swift in Sources */ = {isa = PBXBuildFile; fileRef = E6451F372BF7D2A900E8F481 /* CampusEventAppTests.swift */; };
		E6451F422BF7D2A900E8F481 /* CampusEventAppUITests.swift in Sources */ = {isa = PBXBuildFile; fileRef = E6451F412BF7D2A900E8F481 /* CampusEventAppUITests.swift */; };
		E6451F442BF7D2A900E8F481 /* CampusEventAppUITestsLaunchTests.swift in Sources */ = {isa = PBXBuildFile; fileRef = E6451F432BF7D2A900E8F481 /* CampusEventAppUITestsLaunchTests.swift */; };
		E6451F5F2BF7D92900E8F481 /* CustomTabBar.swift in Sources */ = {isa = PBXBuildFile; fileRef = E6451F5E2BF7D92900E8F481 /* CustomTabBar.swift */; };
		E6451F612BF7DCEE00E8F481 /* HomeView_CustomTabBar_Test.swift in Sources */ = {isa = PBXBuildFile; fileRef = E6451F602BF7DCEE00E8F481 /* HomeView_CustomTabBar_Test.swift */; };
		E67AAE162C0DF4EF00DFE963 /* FirebaseAnalytics in Frameworks */ = {isa = PBXBuildFile; productRef = E67AAE152C0DF4EF00DFE963 /* FirebaseAnalytics */; };
		E67AAE182C0DF4EF00DFE963 /* FirebaseAnalyticsOnDeviceConversion in Frameworks */ = {isa = PBXBuildFile; productRef = E67AAE172C0DF4EF00DFE963 /* FirebaseAnalyticsOnDeviceConversion */; };
		E67AAE1A2C0DF4EF00DFE963 /* FirebaseAnalyticsSwift in Frameworks */ = {isa = PBXBuildFile; productRef = E67AAE192C0DF4EF00DFE963 /* FirebaseAnalyticsSwift */; };
		E67AAE1C2C0DF4EF00DFE963 /* FirebaseAnalyticsWithoutAdIdSupport in Frameworks */ = {isa = PBXBuildFile; productRef = E67AAE1B2C0DF4EF00DFE963 /* FirebaseAnalyticsWithoutAdIdSupport */; };
		E67AAE1E2C0DF4EF00DFE963 /* FirebaseAppCheck in Frameworks */ = {isa = PBXBuildFile; productRef = E67AAE1D2C0DF4EF00DFE963 /* FirebaseAppCheck */; };
		E67AAE202C0DF4EF00DFE963 /* FirebaseAppDistribution-Beta in Frameworks */ = {isa = PBXBuildFile; productRef = E67AAE1F2C0DF4EF00DFE963 /* FirebaseAppDistribution-Beta */; };
		E67AAE222C0DF4EF00DFE963 /* FirebaseAuth in Frameworks */ = {isa = PBXBuildFile; productRef = E67AAE212C0DF4EF00DFE963 /* FirebaseAuth */; };
		E67AAE242C0DF4EF00DFE963 /* FirebaseAuthCombine-Community in Frameworks */ = {isa = PBXBuildFile; productRef = E67AAE232C0DF4EF00DFE963 /* FirebaseAuthCombine-Community */; };
		E67AAE262C0DF4EF00DFE963 /* FirebaseCrashlytics in Frameworks */ = {isa = PBXBuildFile; productRef = E67AAE252C0DF4EF00DFE963 /* FirebaseCrashlytics */; };
		E67AAE282C0DF4EF00DFE963 /* FirebaseDatabase in Frameworks */ = {isa = PBXBuildFile; productRef = E67AAE272C0DF4EF00DFE963 /* FirebaseDatabase */; };
		E67AAE2A2C0DF4EF00DFE963 /* FirebaseDatabaseSwift in Frameworks */ = {isa = PBXBuildFile; productRef = E67AAE292C0DF4EF00DFE963 /* FirebaseDatabaseSwift */; };
		E67AAE2C2C0DF4EF00DFE963 /* FirebaseDynamicLinks in Frameworks */ = {isa = PBXBuildFile; productRef = E67AAE2B2C0DF4EF00DFE963 /* FirebaseDynamicLinks */; };
		E67AAE2E2C0DF4EF00DFE963 /* FirebaseFirestore in Frameworks */ = {isa = PBXBuildFile; productRef = E67AAE2D2C0DF4EF00DFE963 /* FirebaseFirestore */; };
		E67AAE302C0DF4EF00DFE963 /* FirebaseFirestoreCombine-Community in Frameworks */ = {isa = PBXBuildFile; productRef = E67AAE2F2C0DF4EF00DFE963 /* FirebaseFirestoreCombine-Community */; };
		E67AAE322C0DF4EF00DFE963 /* FirebaseFirestoreSwift in Frameworks */ = {isa = PBXBuildFile; productRef = E67AAE312C0DF4EF00DFE963 /* FirebaseFirestoreSwift */; };
		E67AAE342C0DF4EF00DFE963 /* FirebaseFunctions in Frameworks */ = {isa = PBXBuildFile; productRef = E67AAE332C0DF4EF00DFE963 /* FirebaseFunctions */; };
		E67AAE362C0DF4EF00DFE963 /* FirebaseFunctionsCombine-Community in Frameworks */ = {isa = PBXBuildFile; productRef = E67AAE352C0DF4EF00DFE963 /* FirebaseFunctionsCombine-Community */; };
		E67AAE382C0DF4EF00DFE963 /* FirebaseInAppMessaging-Beta in Frameworks */ = {isa = PBXBuildFile; productRef = E67AAE372C0DF4EF00DFE963 /* FirebaseInAppMessaging-Beta */; };
		E67AAE3A2C0DF4EF00DFE963 /* FirebaseInAppMessagingSwift-Beta in Frameworks */ = {isa = PBXBuildFile; productRef = E67AAE392C0DF4EF00DFE963 /* FirebaseInAppMessagingSwift-Beta */; };
		E67AAE3C2C0DF4EF00DFE963 /* FirebaseInstallations in Frameworks */ = {isa = PBXBuildFile; productRef = E67AAE3B2C0DF4EF00DFE963 /* FirebaseInstallations */; };
		E67AAE3E2C0DF4EF00DFE963 /* FirebaseMLModelDownloader in Frameworks */ = {isa = PBXBuildFile; productRef = E67AAE3D2C0DF4EF00DFE963 /* FirebaseMLModelDownloader */; };
		E67AAE402C0DF4EF00DFE963 /* FirebaseMessaging in Frameworks */ = {isa = PBXBuildFile; productRef = E67AAE3F2C0DF4EF00DFE963 /* FirebaseMessaging */; };
		E67AAE422C0DF4EF00DFE963 /* FirebasePerformance in Frameworks */ = {isa = PBXBuildFile; productRef = E67AAE412C0DF4EF00DFE963 /* FirebasePerformance */; };
		E67AAE442C0DF4EF00DFE963 /* FirebaseRemoteConfig in Frameworks */ = {isa = PBXBuildFile; productRef = E67AAE432C0DF4EF00DFE963 /* FirebaseRemoteConfig */; };
		E67AAE462C0DF4EF00DFE963 /* FirebaseRemoteConfigSwift in Frameworks */ = {isa = PBXBuildFile; productRef = E67AAE452C0DF4EF00DFE963 /* FirebaseRemoteConfigSwift */; };
		E67AAE482C0DF4EF00DFE963 /* FirebaseStorage in Frameworks */ = {isa = PBXBuildFile; productRef = E67AAE472C0DF4EF00DFE963 /* FirebaseStorage */; };
		E67AAE4A2C0DF4EF00DFE963 /* FirebaseStorageCombine-Community in Frameworks */ = {isa = PBXBuildFile; productRef = E67AAE492C0DF4EF00DFE963 /* FirebaseStorageCombine-Community */; };
		E67AAE4C2C0DF4EF00DFE963 /* FirebaseVertexAI-Preview in Frameworks */ = {isa = PBXBuildFile; productRef = E67AAE4B2C0DF4EF00DFE963 /* FirebaseVertexAI-Preview */; };
		E67AAE522C0FB77E00DFE963 /* ImagePicker.swift in Sources */ = {isa = PBXBuildFile; fileRef = E67AAE512C0FB77E00DFE963 /* ImagePicker.swift */; };
/* End PBXBuildFile section */

/* Begin PBXContainerItemProxy section */
		E6451F342BF7D2A900E8F481 /* PBXContainerItemProxy */ = {
			isa = PBXContainerItemProxy;
			containerPortal = E6451F1B2BF7D2A800E8F481 /* Project object */;
			proxyType = 1;
			remoteGlobalIDString = E6451F222BF7D2A800E8F481;
			remoteInfo = CampusEventApp;
		};
		E6451F3E2BF7D2A900E8F481 /* PBXContainerItemProxy */ = {
			isa = PBXContainerItemProxy;
			containerPortal = E6451F1B2BF7D2A800E8F481 /* Project object */;
			proxyType = 1;
			remoteGlobalIDString = E6451F222BF7D2A800E8F481;
			remoteInfo = CampusEventApp;
		};
/* End PBXContainerItemProxy section */

/* Begin PBXFileReference section */
		E00E1D462C07678E00FD87C1 /* Info.plist */ = {isa = PBXFileReference; lastKnownFileType = text.plist; path = Info.plist; sourceTree = "<group>"; };
		E00E1D472C0770F700FD87C1 /* SignUpView.swift */ = {isa = PBXFileReference; fileEncoding = 4; lastKnownFileType = sourcecode.swift; path = SignUpView.swift; sourceTree = "<group>"; };
		E00E1D4C2C0774AE00FD87C1 /* HomeInfo.swift */ = {isa = PBXFileReference; fileEncoding = 4; lastKnownFileType = sourcecode.swift; path = HomeInfo.swift; sourceTree = "<group>"; };
		E00E1D4D2C0774AE00FD87C1 /* HomeTokens.swift */ = {isa = PBXFileReference; fileEncoding = 4; lastKnownFileType = sourcecode.swift; path = HomeTokens.swift; sourceTree = "<group>"; };
		E00E1D4F2C0774AE00FD87C1 /* HomeView.swift */ = {isa = PBXFileReference; fileEncoding = 4; lastKnownFileType = sourcecode.swift; path = HomeView.swift; sourceTree = "<group>"; };
		E00E1D512C0774AE00FD87C1 /* ChatRow.swift */ = {isa = PBXFileReference; fileEncoding = 4; lastKnownFileType = sourcecode.swift; path = ChatRow.swift; sourceTree = "<group>"; };
		E00E1D522C0774AE00FD87C1 /* MessageView.swift */ = {isa = PBXFileReference; fileEncoding = 4; lastKnownFileType = sourcecode.swift; path = MessageView.swift; sourceTree = "<group>"; };
		E00E1D542C0774AE00FD87C1 /* ChatModel.swift */ = {isa = PBXFileReference; fileEncoding = 4; lastKnownFileType = sourcecode.swift; path = ChatModel.swift; sourceTree = "<group>"; };
		E00E1D552C0774AE00FD87C1 /* ChatViewModel.swift */ = {isa = PBXFileReference; fileEncoding = 4; lastKnownFileType = sourcecode.swift; path = ChatViewModel.swift; sourceTree = "<group>"; };
		E00E1D562C0774AE00FD87C1 /* DateHelpers.swift */ = {isa = PBXFileReference; fileEncoding = 4; lastKnownFileType = sourcecode.swift; path = DateHelpers.swift; sourceTree = "<group>"; };
		E00E1D582C0774AE00FD87C1 /* ChatView.swift */ = {isa = PBXFileReference; fileEncoding = 4; lastKnownFileType = sourcecode.swift; path = ChatView.swift; sourceTree = "<group>"; };
		E00E1D652C07777200FD87C1 /* GoogleService-Info.plist */ = {isa = PBXFileReference; fileEncoding = 4; lastKnownFileType = text.plist.xml; name = "GoogleService-Info.plist"; path = "CampusEventApp/GoogleService-Info.plist"; sourceTree = "<group>"; };
		E0C930872BFD23860098DB5B /* AccountView.swift */ = {isa = PBXFileReference; fileEncoding = 4; lastKnownFileType = sourcecode.swift; path = AccountView.swift; sourceTree = "<group>"; };
		E0C9308A2BFD23860098DB5B /* NewsView.swift */ = {isa = PBXFileReference; fileEncoding = 4; lastKnownFileType = sourcecode.swift; path = NewsView.swift; sourceTree = "<group>"; };
		E0C9308D2BFD23860098DB5B /* MainView.swift */ = {isa = PBXFileReference; fileEncoding = 4; lastKnownFileType = sourcecode.swift; path = MainView.swift; sourceTree = "<group>"; };
		E0C930942BFD39400098DB5B /* EventsView.swift */ = {isa = PBXFileReference; fileEncoding = 4; lastKnownFileType = sourcecode.swift; path = EventsView.swift; sourceTree = "<group>"; };
		E0EF5AEF2BFBD6EA00F99C59 /* LoginView.swift */ = {isa = PBXFileReference; fileEncoding = 4; lastKnownFileType = sourcecode.swift; path = LoginView.swift; sourceTree = "<group>"; };
		E0EF5AF42BFBD74500F99C59 /* .gitignore */ = {isa = PBXFileReference; lastKnownFileType = text; path = .gitignore; sourceTree = "<group>"; };
		E6451F232BF7D2A800E8F481 /* CampusEventApp.app */ = {isa = PBXFileReference; explicitFileType = wrapper.application; includeInIndex = 0; path = CampusEventApp.app; sourceTree = BUILT_PRODUCTS_DIR; };
		E6451F262BF7D2A800E8F481 /* CampusEventAppApp.swift */ = {isa = PBXFileReference; lastKnownFileType = sourcecode.swift; path = CampusEventAppApp.swift; sourceTree = "<group>"; };
		E6451F2A2BF7D2A800E8F481 /* Assets.xcassets */ = {isa = PBXFileReference; lastKnownFileType = folder.assetcatalog; path = Assets.xcassets; sourceTree = "<group>"; };
		E6451F2D2BF7D2A800E8F481 /* Preview Assets.xcassets */ = {isa = PBXFileReference; lastKnownFileType = folder.assetcatalog; path = "Preview Assets.xcassets"; sourceTree = "<group>"; };
		E6451F332BF7D2A900E8F481 /* CampusEventAppTests.xctest */ = {isa = PBXFileReference; explicitFileType = wrapper.cfbundle; includeInIndex = 0; path = CampusEventAppTests.xctest; sourceTree = BUILT_PRODUCTS_DIR; };
		E6451F372BF7D2A900E8F481 /* CampusEventAppTests.swift */ = {isa = PBXFileReference; lastKnownFileType = sourcecode.swift; path = CampusEventAppTests.swift; sourceTree = "<group>"; };
		E6451F3D2BF7D2A900E8F481 /* CampusEventAppUITests.xctest */ = {isa = PBXFileReference; explicitFileType = wrapper.cfbundle; includeInIndex = 0; path = CampusEventAppUITests.xctest; sourceTree = BUILT_PRODUCTS_DIR; };
		E6451F412BF7D2A900E8F481 /* CampusEventAppUITests.swift */ = {isa = PBXFileReference; lastKnownFileType = sourcecode.swift; path = CampusEventAppUITests.swift; sourceTree = "<group>"; };
		E6451F432BF7D2A900E8F481 /* CampusEventAppUITestsLaunchTests.swift */ = {isa = PBXFileReference; lastKnownFileType = sourcecode.swift; path = CampusEventAppUITestsLaunchTests.swift; sourceTree = "<group>"; };
		E6451F5E2BF7D92900E8F481 /* CustomTabBar.swift */ = {isa = PBXFileReference; lastKnownFileType = sourcecode.swift; path = CustomTabBar.swift; sourceTree = "<group>"; };
		E6451F602BF7DCEE00E8F481 /* HomeView_CustomTabBar_Test.swift */ = {isa = PBXFileReference; lastKnownFileType = sourcecode.swift; path = HomeView_CustomTabBar_Test.swift; sourceTree = "<group>"; };
		E67AAD912C07622400DFE963 /* GoogleService-Info.plist */ = {isa = PBXFileReference; fileEncoding = 4; lastKnownFileType = text.plist.xml; path = "GoogleService-Info.plist"; sourceTree = "<group>"; };
		E67AAE512C0FB77E00DFE963 /* ImagePicker.swift */ = {isa = PBXFileReference; lastKnownFileType = sourcecode.swift; path = ImagePicker.swift; sourceTree = "<group>"; };
/* End PBXFileReference section */

/* Begin PBXFrameworksBuildPhase section */
		E6451F202BF7D2A800E8F481 /* Frameworks */ = {
			isa = PBXFrameworksBuildPhase;
			buildActionMask = 2147483647;
			files = (
				E67AAE282C0DF4EF00DFE963 /* FirebaseDatabase in Frameworks */,
				E67AAE362C0DF4EF00DFE963 /* FirebaseFunctionsCombine-Community in Frameworks */,
				E67AAE2E2C0DF4EF00DFE963 /* FirebaseFirestore in Frameworks */,
				E67AAE1A2C0DF4EF00DFE963 /* FirebaseAnalyticsSwift in Frameworks */,
				E67AAE162C0DF4EF00DFE963 /* FirebaseAnalytics in Frameworks */,
				E67AAE182C0DF4EF00DFE963 /* FirebaseAnalyticsOnDeviceConversion in Frameworks */,
				E67AAE3E2C0DF4EF00DFE963 /* FirebaseMLModelDownloader in Frameworks */,
				E67AAE322C0DF4EF00DFE963 /* FirebaseFirestoreSwift in Frameworks */,
				E67AAE1E2C0DF4EF00DFE963 /* FirebaseAppCheck in Frameworks */,
				E67AAE1C2C0DF4EF00DFE963 /* FirebaseAnalyticsWithoutAdIdSupport in Frameworks */,
				E67AAE222C0DF4EF00DFE963 /* FirebaseAuth in Frameworks */,
				E67AAE262C0DF4EF00DFE963 /* FirebaseCrashlytics in Frameworks */,
				E67AAE462C0DF4EF00DFE963 /* FirebaseRemoteConfigSwift in Frameworks */,
				E67AAE382C0DF4EF00DFE963 /* FirebaseInAppMessaging-Beta in Frameworks */,
				E67AAE2A2C0DF4EF00DFE963 /* FirebaseDatabaseSwift in Frameworks */,
				E67AAE342C0DF4EF00DFE963 /* FirebaseFunctions in Frameworks */,
				E67AAE4A2C0DF4EF00DFE963 /* FirebaseStorageCombine-Community in Frameworks */,
				E67AAE442C0DF4EF00DFE963 /* FirebaseRemoteConfig in Frameworks */,
				E67AAE202C0DF4EF00DFE963 /* FirebaseAppDistribution-Beta in Frameworks */,
				E67AAE242C0DF4EF00DFE963 /* FirebaseAuthCombine-Community in Frameworks */,
				E67AAE422C0DF4EF00DFE963 /* FirebasePerformance in Frameworks */,
				E67AAE3A2C0DF4EF00DFE963 /* FirebaseInAppMessagingSwift-Beta in Frameworks */,
				E67AAE482C0DF4EF00DFE963 /* FirebaseStorage in Frameworks */,
				E67AAE2C2C0DF4EF00DFE963 /* FirebaseDynamicLinks in Frameworks */,
				E67AAE4C2C0DF4EF00DFE963 /* FirebaseVertexAI-Preview in Frameworks */,
				E67AAE302C0DF4EF00DFE963 /* FirebaseFirestoreCombine-Community in Frameworks */,
				E67AAE402C0DF4EF00DFE963 /* FirebaseMessaging in Frameworks */,
				E67AAE3C2C0DF4EF00DFE963 /* FirebaseInstallations in Frameworks */,
			);
			runOnlyForDeploymentPostprocessing = 0;
		};
		E6451F302BF7D2A900E8F481 /* Frameworks */ = {
			isa = PBXFrameworksBuildPhase;
			buildActionMask = 2147483647;
			files = (
			);
			runOnlyForDeploymentPostprocessing = 0;
		};
		E6451F3A2BF7D2A900E8F481 /* Frameworks */ = {
			isa = PBXFrameworksBuildPhase;
			buildActionMask = 2147483647;
			files = (
			);
			runOnlyForDeploymentPostprocessing = 0;
		};
/* End PBXFrameworksBuildPhase section */

/* Begin PBXGroup section */
		E00E1D4B2C07747300FD87C1 /* Recovered References */ = {
			isa = PBXGroup;
			children = (
				E67AAD912C07622400DFE963 /* GoogleService-Info.plist */,
			);
			name = "Recovered References";
			sourceTree = "<group>";
		};
		E00E1D4E2C0774AE00FD87C1 /* Components */ = {
			isa = PBXGroup;
			children = (
				E00E1D4C2C0774AE00FD87C1 /* HomeInfo.swift */,
				E00E1D4D2C0774AE00FD87C1 /* HomeTokens.swift */,
			);
			path = Components;
			sourceTree = "<group>";
		};
		E00E1D502C0774AE00FD87C1 /* HomeView */ = {
			isa = PBXGroup;
			children = (
				E00E1D4E2C0774AE00FD87C1 /* Components */,
				E00E1D4F2C0774AE00FD87C1 /* HomeView.swift */,
			);
			path = HomeView;
			sourceTree = "<group>";
		};
		E00E1D532C0774AE00FD87C1 /* Components */ = {
			isa = PBXGroup;
			children = (
				E00E1D512C0774AE00FD87C1 /* ChatRow.swift */,
				E00E1D522C0774AE00FD87C1 /* MessageView.swift */,
			);
			path = Components;
			sourceTree = "<group>";
		};
		E00E1D572C0774AE00FD87C1 /* ViewModel */ = {
			isa = PBXGroup;
			children = (
				E00E1D542C0774AE00FD87C1 /* ChatModel.swift */,
				E00E1D552C0774AE00FD87C1 /* ChatViewModel.swift */,
				E00E1D562C0774AE00FD87C1 /* DateHelpers.swift */,
			);
			path = ViewModel;
			sourceTree = "<group>";
		};
		E00E1D592C0774AE00FD87C1 /* Chat */ = {
			isa = PBXGroup;
			children = (
				E00E1D532C0774AE00FD87C1 /* Components */,
				E00E1D572C0774AE00FD87C1 /* ViewModel */,
				E00E1D582C0774AE00FD87C1 /* ChatView.swift */,
			);
			path = Chat;
			sourceTree = "<group>";
		};
		E0C9308C2BFD23860098DB5B /* Views */ = {
			isa = PBXGroup;
			children = (
				E67AAE4F2C0FB6DA00DFE963 /* AccountView */,
				E00E1D592C0774AE00FD87C1 /* Chat */,
				E00E1D502C0774AE00FD87C1 /* HomeView */,
				E0C930942BFD39400098DB5B /* EventsView.swift */,
				E0C9308A2BFD23860098DB5B /* NewsView.swift */,
			);
			path = Views;
			sourceTree = "<group>";
		};
		E6451F1A2BF7D2A800E8F481 = {
			isa = PBXGroup;
			children = (
				E00E1D652C07777200FD87C1 /* GoogleService-Info.plist */,
				E0EF5AF42BFBD74500F99C59 /* .gitignore */,
				E6451F252BF7D2A800E8F481 /* CampusEventApp */,
				E6451F362BF7D2A900E8F481 /* CampusEventAppTests */,
				E6451F402BF7D2A900E8F481 /* CampusEventAppUITests */,
				E6451F242BF7D2A800E8F481 /* Products */,
				E00E1D4B2C07747300FD87C1 /* Recovered References */,
			);
			sourceTree = "<group>";
		};
		E6451F242BF7D2A800E8F481 /* Products */ = {
			isa = PBXGroup;
			children = (
				E6451F232BF7D2A800E8F481 /* CampusEventApp.app */,
				E6451F332BF7D2A900E8F481 /* CampusEventAppTests.xctest */,
				E6451F3D2BF7D2A900E8F481 /* CampusEventAppUITests.xctest */,
			);
			name = Products;
			sourceTree = "<group>";
		};
		E6451F252BF7D2A800E8F481 /* CampusEventApp */ = {
			isa = PBXGroup;
			children = (
				E00E1D462C07678E00FD87C1 /* Info.plist */,
				E0C9308D2BFD23860098DB5B /* MainView.swift */,
				E0C9308C2BFD23860098DB5B /* Views */,
				E0EF5AEF2BFBD6EA00F99C59 /* LoginView.swift */,
				E00E1D472C0770F700FD87C1 /* SignUpView.swift */,
				E6451F5E2BF7D92900E8F481 /* CustomTabBar.swift */,
				E6451F262BF7D2A800E8F481 /* CampusEventAppApp.swift */,
				E6451F602BF7DCEE00E8F481 /* HomeView_CustomTabBar_Test.swift */,
				E6451F2A2BF7D2A800E8F481 /* Assets.xcassets */,
				E6451F2C2BF7D2A800E8F481 /* Preview Content */,
			);
			path = CampusEventApp;
			sourceTree = "<group>";
		};
		E6451F2C2BF7D2A800E8F481 /* Preview Content */ = {
			isa = PBXGroup;
			children = (
				E6451F2D2BF7D2A800E8F481 /* Preview Assets.xcassets */,
			);
			path = "Preview Content";
			sourceTree = "<group>";
		};
		E6451F362BF7D2A900E8F481 /* CampusEventAppTests */ = {
			isa = PBXGroup;
			children = (
				E6451F372BF7D2A900E8F481 /* CampusEventAppTests.swift */,
			);
			path = CampusEventAppTests;
			sourceTree = "<group>";
		};
		E6451F402BF7D2A900E8F481 /* CampusEventAppUITests */ = {
			isa = PBXGroup;
			children = (
				E6451F412BF7D2A900E8F481 /* CampusEventAppUITests.swift */,
				E6451F432BF7D2A900E8F481 /* CampusEventAppUITestsLaunchTests.swift */,
			);
			path = CampusEventAppUITests;
			sourceTree = "<group>";
		};
		E67AAE4F2C0FB6DA00DFE963 /* AccountView */ = {
			isa = PBXGroup;
			children = (
				E67AAE502C0FB75100DFE963 /* AccountModel */,
				E0C930872BFD23860098DB5B /* AccountView.swift */,
			);
			path = AccountView;
			sourceTree = "<group>";
		};
		E67AAE502C0FB75100DFE963 /* AccountModel */ = {
			isa = PBXGroup;
			children = (
				E67AAE512C0FB77E00DFE963 /* ImagePicker.swift */,
			);
			path = AccountModel;
			sourceTree = "<group>";
		};
/* End PBXGroup section */

/* Begin PBXNativeTarget section */
		E6451F222BF7D2A800E8F481 /* CampusEventApp */ = {
			isa = PBXNativeTarget;
			buildConfigurationList = E6451F472BF7D2A900E8F481 /* Build configuration list for PBXNativeTarget "CampusEventApp" */;
			buildPhases = (
				E6451F1F2BF7D2A800E8F481 /* Sources */,
				E6451F202BF7D2A800E8F481 /* Frameworks */,
				E6451F212BF7D2A800E8F481 /* Resources */,
			);
			buildRules = (
			);
			dependencies = (
			);
			name = CampusEventApp;
			packageProductDependencies = (
				E67AAE152C0DF4EF00DFE963 /* FirebaseAnalytics */,
				E67AAE172C0DF4EF00DFE963 /* FirebaseAnalyticsOnDeviceConversion */,
				E67AAE192C0DF4EF00DFE963 /* FirebaseAnalyticsSwift */,
				E67AAE1B2C0DF4EF00DFE963 /* FirebaseAnalyticsWithoutAdIdSupport */,
				E67AAE1D2C0DF4EF00DFE963 /* FirebaseAppCheck */,
				E67AAE1F2C0DF4EF00DFE963 /* FirebaseAppDistribution-Beta */,
				E67AAE212C0DF4EF00DFE963 /* FirebaseAuth */,
				E67AAE232C0DF4EF00DFE963 /* FirebaseAuthCombine-Community */,
				E67AAE252C0DF4EF00DFE963 /* FirebaseCrashlytics */,
				E67AAE272C0DF4EF00DFE963 /* FirebaseDatabase */,
				E67AAE292C0DF4EF00DFE963 /* FirebaseDatabaseSwift */,
				E67AAE2B2C0DF4EF00DFE963 /* FirebaseDynamicLinks */,
				E67AAE2D2C0DF4EF00DFE963 /* FirebaseFirestore */,
				E67AAE2F2C0DF4EF00DFE963 /* FirebaseFirestoreCombine-Community */,
				E67AAE312C0DF4EF00DFE963 /* FirebaseFirestoreSwift */,
				E67AAE332C0DF4EF00DFE963 /* FirebaseFunctions */,
				E67AAE352C0DF4EF00DFE963 /* FirebaseFunctionsCombine-Community */,
				E67AAE372C0DF4EF00DFE963 /* FirebaseInAppMessaging-Beta */,
				E67AAE392C0DF4EF00DFE963 /* FirebaseInAppMessagingSwift-Beta */,
				E67AAE3B2C0DF4EF00DFE963 /* FirebaseInstallations */,
				E67AAE3D2C0DF4EF00DFE963 /* FirebaseMLModelDownloader */,
				E67AAE3F2C0DF4EF00DFE963 /* FirebaseMessaging */,
				E67AAE412C0DF4EF00DFE963 /* FirebasePerformance */,
				E67AAE432C0DF4EF00DFE963 /* FirebaseRemoteConfig */,
				E67AAE452C0DF4EF00DFE963 /* FirebaseRemoteConfigSwift */,
				E67AAE472C0DF4EF00DFE963 /* FirebaseStorage */,
				E67AAE492C0DF4EF00DFE963 /* FirebaseStorageCombine-Community */,
				E67AAE4B2C0DF4EF00DFE963 /* FirebaseVertexAI-Preview */,
			);
			productName = CampusEventApp;
			productReference = E6451F232BF7D2A800E8F481 /* CampusEventApp.app */;
			productType = "com.apple.product-type.application";
		};
		E6451F322BF7D2A900E8F481 /* CampusEventAppTests */ = {
			isa = PBXNativeTarget;
			buildConfigurationList = E6451F4A2BF7D2A900E8F481 /* Build configuration list for PBXNativeTarget "CampusEventAppTests" */;
			buildPhases = (
				E6451F2F2BF7D2A900E8F481 /* Sources */,
				E6451F302BF7D2A900E8F481 /* Frameworks */,
				E6451F312BF7D2A900E8F481 /* Resources */,
			);
			buildRules = (
			);
			dependencies = (
				E6451F352BF7D2A900E8F481 /* PBXTargetDependency */,
			);
			name = CampusEventAppTests;
			productName = CampusEventAppTests;
			productReference = E6451F332BF7D2A900E8F481 /* CampusEventAppTests.xctest */;
			productType = "com.apple.product-type.bundle.unit-test";
		};
		E6451F3C2BF7D2A900E8F481 /* CampusEventAppUITests */ = {
			isa = PBXNativeTarget;
			buildConfigurationList = E6451F4D2BF7D2A900E8F481 /* Build configuration list for PBXNativeTarget "CampusEventAppUITests" */;
			buildPhases = (
				E6451F392BF7D2A900E8F481 /* Sources */,
				E6451F3A2BF7D2A900E8F481 /* Frameworks */,
				E6451F3B2BF7D2A900E8F481 /* Resources */,
			);
			buildRules = (
			);
			dependencies = (
				E6451F3F2BF7D2A900E8F481 /* PBXTargetDependency */,
			);
			name = CampusEventAppUITests;
			productName = CampusEventAppUITests;
			productReference = E6451F3D2BF7D2A900E8F481 /* CampusEventAppUITests.xctest */;
			productType = "com.apple.product-type.bundle.ui-testing";
		};
/* End PBXNativeTarget section */

/* Begin PBXProject section */
		E6451F1B2BF7D2A800E8F481 /* Project object */ = {
			isa = PBXProject;
			attributes = {
				BuildIndependentTargetsInParallel = 1;
				LastSwiftUpdateCheck = 1530;
				LastUpgradeCheck = 1530;
				TargetAttributes = {
					E6451F222BF7D2A800E8F481 = {
						CreatedOnToolsVersion = 15.3;
					};
					E6451F322BF7D2A900E8F481 = {
						CreatedOnToolsVersion = 15.3;
						TestTargetID = E6451F222BF7D2A800E8F481;
					};
					E6451F3C2BF7D2A900E8F481 = {
						CreatedOnToolsVersion = 15.3;
						TestTargetID = E6451F222BF7D2A800E8F481;
					};
				};
			};
			buildConfigurationList = E6451F1E2BF7D2A800E8F481 /* Build configuration list for PBXProject "CampusEventApp" */;
			compatibilityVersion = "Xcode 14.0";
			developmentRegion = en;
			hasScannedForEncodings = 0;
			knownRegions = (
				en,
				Base,
			);
			mainGroup = E6451F1A2BF7D2A800E8F481;
			packageReferences = (
				E67AAE142C0DF4EF00DFE963 /* XCRemoteSwiftPackageReference "firebase-ios-sdk" */,
			);
			productRefGroup = E6451F242BF7D2A800E8F481 /* Products */;
			projectDirPath = "";
			projectRoot = "";
			targets = (
				E6451F222BF7D2A800E8F481 /* CampusEventApp */,
				E6451F322BF7D2A900E8F481 /* CampusEventAppTests */,
				E6451F3C2BF7D2A900E8F481 /* CampusEventAppUITests */,
			);
		};
/* End PBXProject section */

/* Begin PBXResourcesBuildPhase section */
		E6451F212BF7D2A800E8F481 /* Resources */ = {
			isa = PBXResourcesBuildPhase;
			buildActionMask = 2147483647;
			files = (
				E6451F2E2BF7D2A800E8F481 /* Preview Assets.xcassets in Resources */,
				E00E1D662C07777300FD87C1 /* GoogleService-Info.plist in Resources */,
				E0EF5AF52BFBD74500F99C59 /* .gitignore in Resources */,
				E6451F2B2BF7D2A800E8F481 /* Assets.xcassets in Resources */,
			);
			runOnlyForDeploymentPostprocessing = 0;
		};
		E6451F312BF7D2A900E8F481 /* Resources */ = {
			isa = PBXResourcesBuildPhase;
			buildActionMask = 2147483647;
			files = (
			);
			runOnlyForDeploymentPostprocessing = 0;
		};
		E6451F3B2BF7D2A900E8F481 /* Resources */ = {
			isa = PBXResourcesBuildPhase;
			buildActionMask = 2147483647;
			files = (
			);
			runOnlyForDeploymentPostprocessing = 0;
		};
/* End PBXResourcesBuildPhase section */

/* Begin PBXSourcesBuildPhase section */
		E6451F1F2BF7D2A800E8F481 /* Sources */ = {
			isa = PBXSourcesBuildPhase;
			buildActionMask = 2147483647;
			files = (
				E0C930952BFD39400098DB5B /* EventsView.swift in Sources */,
				E00E1D5C2C0774AE00FD87C1 /* HomeView.swift in Sources */,
				E00E1D5B2C0774AE00FD87C1 /* HomeTokens.swift in Sources */,
				E0C930932BFD23860098DB5B /* MainView.swift in Sources */,
				E00E1D5F2C0774AE00FD87C1 /* ChatModel.swift in Sources */,
				E6451F612BF7DCEE00E8F481 /* HomeView_CustomTabBar_Test.swift in Sources */,
				E6451F5F2BF7D92900E8F481 /* CustomTabBar.swift in Sources */,
				E67AAE522C0FB77E00DFE963 /* ImagePicker.swift in Sources */,
				E6451F272BF7D2A800E8F481 /* CampusEventAppApp.swift in Sources */,
				E00E1D5A2C0774AE00FD87C1 /* HomeInfo.swift in Sources */,
				E00E1D482C0770F800FD87C1 /* SignUpView.swift in Sources */,
				E0EF5AF22BFBD6EA00F99C59 /* LoginView.swift in Sources */,
				E00E1D622C0774AE00FD87C1 /* ChatView.swift in Sources */,
				E0C9308E2BFD23860098DB5B /* AccountView.swift in Sources */,
				E00E1D5E2C0774AE00FD87C1 /* MessageView.swift in Sources */,
				E0C930912BFD23860098DB5B /* NewsView.swift in Sources */,
				E00E1D612C0774AE00FD87C1 /* DateHelpers.swift in Sources */,
				E00E1D5D2C0774AE00FD87C1 /* ChatRow.swift in Sources */,
				E00E1D602C0774AE00FD87C1 /* ChatViewModel.swift in Sources */,
			);
			runOnlyForDeploymentPostprocessing = 0;
		};
		E6451F2F2BF7D2A900E8F481 /* Sources */ = {
			isa = PBXSourcesBuildPhase;
			buildActionMask = 2147483647;
			files = (
				E6451F382BF7D2A900E8F481 /* CampusEventAppTests.swift in Sources */,
			);
			runOnlyForDeploymentPostprocessing = 0;
		};
		E6451F392BF7D2A900E8F481 /* Sources */ = {
			isa = PBXSourcesBuildPhase;
			buildActionMask = 2147483647;
			files = (
				E6451F442BF7D2A900E8F481 /* CampusEventAppUITestsLaunchTests.swift in Sources */,
				E6451F422BF7D2A900E8F481 /* CampusEventAppUITests.swift in Sources */,
			);
			runOnlyForDeploymentPostprocessing = 0;
		};
/* End PBXSourcesBuildPhase section */

/* Begin PBXTargetDependency section */
		E6451F352BF7D2A900E8F481 /* PBXTargetDependency */ = {
			isa = PBXTargetDependency;
			target = E6451F222BF7D2A800E8F481 /* CampusEventApp */;
			targetProxy = E6451F342BF7D2A900E8F481 /* PBXContainerItemProxy */;
		};
		E6451F3F2BF7D2A900E8F481 /* PBXTargetDependency */ = {
			isa = PBXTargetDependency;
			target = E6451F222BF7D2A800E8F481 /* CampusEventApp */;
			targetProxy = E6451F3E2BF7D2A900E8F481 /* PBXContainerItemProxy */;
		};
/* End PBXTargetDependency section */

/* Begin XCBuildConfiguration section */
		E6451F452BF7D2A900E8F481 /* Debug */ = {
			isa = XCBuildConfiguration;
			buildSettings = {
				ALWAYS_SEARCH_USER_PATHS = NO;
				ASSETCATALOG_COMPILER_GENERATE_SWIFT_ASSET_SYMBOL_EXTENSIONS = YES;
				CLANG_ANALYZER_NONNULL = YES;
				CLANG_ANALYZER_NUMBER_OBJECT_CONVERSION = YES_AGGRESSIVE;
				CLANG_CXX_LANGUAGE_STANDARD = "gnu++20";
				CLANG_ENABLE_MODULES = YES;
				CLANG_ENABLE_OBJC_ARC = YES;
				CLANG_ENABLE_OBJC_WEAK = YES;
				CLANG_WARN_BLOCK_CAPTURE_AUTORELEASING = YES;
				CLANG_WARN_BOOL_CONVERSION = YES;
				CLANG_WARN_COMMA = YES;
				CLANG_WARN_CONSTANT_CONVERSION = YES;
				CLANG_WARN_DEPRECATED_OBJC_IMPLEMENTATIONS = YES;
				CLANG_WARN_DIRECT_OBJC_ISA_USAGE = YES_ERROR;
				CLANG_WARN_DOCUMENTATION_COMMENTS = YES;
				CLANG_WARN_EMPTY_BODY = YES;
				CLANG_WARN_ENUM_CONVERSION = YES;
				CLANG_WARN_INFINITE_RECURSION = YES;
				CLANG_WARN_INT_CONVERSION = YES;
				CLANG_WARN_NON_LITERAL_NULL_CONVERSION = YES;
				CLANG_WARN_OBJC_IMPLICIT_RETAIN_SELF = YES;
				CLANG_WARN_OBJC_LITERAL_CONVERSION = YES;
				CLANG_WARN_OBJC_ROOT_CLASS = YES_ERROR;
				CLANG_WARN_QUOTED_INCLUDE_IN_FRAMEWORK_HEADER = YES;
				CLANG_WARN_RANGE_LOOP_ANALYSIS = YES;
				CLANG_WARN_STRICT_PROTOTYPES = YES;
				CLANG_WARN_SUSPICIOUS_MOVE = YES;
				CLANG_WARN_UNGUARDED_AVAILABILITY = YES_AGGRESSIVE;
				CLANG_WARN_UNREACHABLE_CODE = YES;
				CLANG_WARN__DUPLICATE_METHOD_MATCH = YES;
				COPY_PHASE_STRIP = NO;
				DEBUG_INFORMATION_FORMAT = dwarf;
				ENABLE_STRICT_OBJC_MSGSEND = YES;
				ENABLE_TESTABILITY = YES;
				ENABLE_USER_SCRIPT_SANDBOXING = YES;
				GCC_C_LANGUAGE_STANDARD = gnu17;
				GCC_DYNAMIC_NO_PIC = NO;
				GCC_NO_COMMON_BLOCKS = YES;
				GCC_OPTIMIZATION_LEVEL = 0;
				GCC_PREPROCESSOR_DEFINITIONS = (
					"DEBUG=1",
					"$(inherited)",
				);
				GCC_WARN_64_TO_32_BIT_CONVERSION = YES;
				GCC_WARN_ABOUT_RETURN_TYPE = YES_ERROR;
				GCC_WARN_UNDECLARED_SELECTOR = YES;
				GCC_WARN_UNINITIALIZED_AUTOS = YES_AGGRESSIVE;
				GCC_WARN_UNUSED_FUNCTION = YES;
				GCC_WARN_UNUSED_VARIABLE = YES;
				IPHONEOS_DEPLOYMENT_TARGET = 17.4;
				LOCALIZATION_PREFERS_STRING_CATALOGS = YES;
				MTL_ENABLE_DEBUG_INFO = INCLUDE_SOURCE;
				MTL_FAST_MATH = YES;
				ONLY_ACTIVE_ARCH = YES;
				SDKROOT = iphoneos;
				SWIFT_ACTIVE_COMPILATION_CONDITIONS = "DEBUG $(inherited)";
				SWIFT_OPTIMIZATION_LEVEL = "-Onone";
			};
			name = Debug;
		};
		E6451F462BF7D2A900E8F481 /* Release */ = {
			isa = XCBuildConfiguration;
			buildSettings = {
				ALWAYS_SEARCH_USER_PATHS = NO;
				ASSETCATALOG_COMPILER_GENERATE_SWIFT_ASSET_SYMBOL_EXTENSIONS = YES;
				CLANG_ANALYZER_NONNULL = YES;
				CLANG_ANALYZER_NUMBER_OBJECT_CONVERSION = YES_AGGRESSIVE;
				CLANG_CXX_LANGUAGE_STANDARD = "gnu++20";
				CLANG_ENABLE_MODULES = YES;
				CLANG_ENABLE_OBJC_ARC = YES;
				CLANG_ENABLE_OBJC_WEAK = YES;
				CLANG_WARN_BLOCK_CAPTURE_AUTORELEASING = YES;
				CLANG_WARN_BOOL_CONVERSION = YES;
				CLANG_WARN_COMMA = YES;
				CLANG_WARN_CONSTANT_CONVERSION = YES;
				CLANG_WARN_DEPRECATED_OBJC_IMPLEMENTATIONS = YES;
				CLANG_WARN_DIRECT_OBJC_ISA_USAGE = YES_ERROR;
				CLANG_WARN_DOCUMENTATION_COMMENTS = YES;
				CLANG_WARN_EMPTY_BODY = YES;
				CLANG_WARN_ENUM_CONVERSION = YES;
				CLANG_WARN_INFINITE_RECURSION = YES;
				CLANG_WARN_INT_CONVERSION = YES;
				CLANG_WARN_NON_LITERAL_NULL_CONVERSION = YES;
				CLANG_WARN_OBJC_IMPLICIT_RETAIN_SELF = YES;
				CLANG_WARN_OBJC_LITERAL_CONVERSION = YES;
				CLANG_WARN_OBJC_ROOT_CLASS = YES_ERROR;
				CLANG_WARN_QUOTED_INCLUDE_IN_FRAMEWORK_HEADER = YES;
				CLANG_WARN_RANGE_LOOP_ANALYSIS = YES;
				CLANG_WARN_STRICT_PROTOTYPES = YES;
				CLANG_WARN_SUSPICIOUS_MOVE = YES;
				CLANG_WARN_UNGUARDED_AVAILABILITY = YES_AGGRESSIVE;
				CLANG_WARN_UNREACHABLE_CODE = YES;
				CLANG_WARN__DUPLICATE_METHOD_MATCH = YES;
				COPY_PHASE_STRIP = NO;
				DEBUG_INFORMATION_FORMAT = "dwarf-with-dsym";
				ENABLE_NS_ASSERTIONS = NO;
				ENABLE_STRICT_OBJC_MSGSEND = YES;
				ENABLE_USER_SCRIPT_SANDBOXING = YES;
				GCC_C_LANGUAGE_STANDARD = gnu17;
				GCC_NO_COMMON_BLOCKS = YES;
				GCC_WARN_64_TO_32_BIT_CONVERSION = YES;
				GCC_WARN_ABOUT_RETURN_TYPE = YES_ERROR;
				GCC_WARN_UNDECLARED_SELECTOR = YES;
				GCC_WARN_UNINITIALIZED_AUTOS = YES_AGGRESSIVE;
				GCC_WARN_UNUSED_FUNCTION = YES;
				GCC_WARN_UNUSED_VARIABLE = YES;
				IPHONEOS_DEPLOYMENT_TARGET = 17.4;
				LOCALIZATION_PREFERS_STRING_CATALOGS = YES;
				MTL_ENABLE_DEBUG_INFO = NO;
				MTL_FAST_MATH = YES;
				SDKROOT = iphoneos;
				SWIFT_COMPILATION_MODE = wholemodule;
				VALIDATE_PRODUCT = YES;
			};
			name = Release;
		};
		E6451F482BF7D2A900E8F481 /* Debug */ = {
			isa = XCBuildConfiguration;
			buildSettings = {
				ASSETCATALOG_COMPILER_APPICON_NAME = AppIcon;
				ASSETCATALOG_COMPILER_GLOBAL_ACCENT_COLOR_NAME = AccentColor;
				CODE_SIGN_STYLE = Automatic;
				CURRENT_PROJECT_VERSION = 1;
				DEVELOPMENT_ASSET_PATHS = "\"CampusEventApp/Preview Content\"";
				ENABLE_PREVIEWS = YES;
				GENERATE_INFOPLIST_FILE = YES;
				INFOPLIST_FILE = CampusEventApp/Info.plist;
				INFOPLIST_KEY_UIApplicationSceneManifest_Generation = YES;
				INFOPLIST_KEY_UIApplicationSupportsIndirectInputEvents = YES;
				INFOPLIST_KEY_UILaunchScreen_Generation = YES;
				INFOPLIST_KEY_UISupportedInterfaceOrientations_iPad = "UIInterfaceOrientationPortrait UIInterfaceOrientationPortraitUpsideDown UIInterfaceOrientationLandscapeLeft UIInterfaceOrientationLandscapeRight";
				INFOPLIST_KEY_UISupportedInterfaceOrientations_iPhone = "UIInterfaceOrientationPortrait UIInterfaceOrientationLandscapeLeft UIInterfaceOrientationLandscapeRight";
				LD_RUNPATH_SEARCH_PATHS = (
					"$(inherited)",
					"@executable_path/Frameworks",
				);
				MARKETING_VERSION = 1.0;
				PRODUCT_BUNDLE_IDENTIFIER = HTW.CampusEventApp;
				PRODUCT_NAME = "$(TARGET_NAME)";
				SWIFT_EMIT_LOC_STRINGS = YES;
				SWIFT_VERSION = 5.0;
				TARGETED_DEVICE_FAMILY = "1,2";
			};
			name = Debug;
		};
		E6451F492BF7D2A900E8F481 /* Release */ = {
			isa = XCBuildConfiguration;
			buildSettings = {
				ASSETCATALOG_COMPILER_APPICON_NAME = AppIcon;
				ASSETCATALOG_COMPILER_GLOBAL_ACCENT_COLOR_NAME = AccentColor;
				CODE_SIGN_STYLE = Automatic;
				CURRENT_PROJECT_VERSION = 1;
				DEVELOPMENT_ASSET_PATHS = "\"CampusEventApp/Preview Content\"";
				ENABLE_PREVIEWS = YES;
				GENERATE_INFOPLIST_FILE = YES;
				INFOPLIST_FILE = CampusEventApp/Info.plist;
				INFOPLIST_KEY_UIApplicationSceneManifest_Generation = YES;
				INFOPLIST_KEY_UIApplicationSupportsIndirectInputEvents = YES;
				INFOPLIST_KEY_UILaunchScreen_Generation = YES;
				INFOPLIST_KEY_UISupportedInterfaceOrientations_iPad = "UIInterfaceOrientationPortrait UIInterfaceOrientationPortraitUpsideDown UIInterfaceOrientationLandscapeLeft UIInterfaceOrientationLandscapeRight";
				INFOPLIST_KEY_UISupportedInterfaceOrientations_iPhone = "UIInterfaceOrientationPortrait UIInterfaceOrientationLandscapeLeft UIInterfaceOrientationLandscapeRight";
				LD_RUNPATH_SEARCH_PATHS = (
					"$(inherited)",
					"@executable_path/Frameworks",
				);
				MARKETING_VERSION = 1.0;
				PRODUCT_BUNDLE_IDENTIFIER = HTW.CampusEventApp;
				PRODUCT_NAME = "$(TARGET_NAME)";
				SWIFT_EMIT_LOC_STRINGS = YES;
				SWIFT_VERSION = 5.0;
				TARGETED_DEVICE_FAMILY = "1,2";
			};
			name = Release;
		};
		E6451F4B2BF7D2A900E8F481 /* Debug */ = {
			isa = XCBuildConfiguration;
			buildSettings = {
				ALWAYS_EMBED_SWIFT_STANDARD_LIBRARIES = YES;
				BUNDLE_LOADER = "$(TEST_HOST)";
				CODE_SIGN_STYLE = Automatic;
				CURRENT_PROJECT_VERSION = 1;
				GENERATE_INFOPLIST_FILE = YES;
				IPHONEOS_DEPLOYMENT_TARGET = 17.4;
				MARKETING_VERSION = 1.0;
				PRODUCT_BUNDLE_IDENTIFIER = HTW.CampusEventAppTests;
				PRODUCT_NAME = "$(TARGET_NAME)";
				SWIFT_EMIT_LOC_STRINGS = NO;
				SWIFT_VERSION = 5.0;
				TARGETED_DEVICE_FAMILY = "1,2";
				TEST_HOST = "$(BUILT_PRODUCTS_DIR)/CampusEventApp.app/$(BUNDLE_EXECUTABLE_FOLDER_PATH)/CampusEventApp";
			};
			name = Debug;
		};
		E6451F4C2BF7D2A900E8F481 /* Release */ = {
			isa = XCBuildConfiguration;
			buildSettings = {
				ALWAYS_EMBED_SWIFT_STANDARD_LIBRARIES = YES;
				BUNDLE_LOADER = "$(TEST_HOST)";
				CODE_SIGN_STYLE = Automatic;
				CURRENT_PROJECT_VERSION = 1;
				GENERATE_INFOPLIST_FILE = YES;
				IPHONEOS_DEPLOYMENT_TARGET = 17.4;
				MARKETING_VERSION = 1.0;
				PRODUCT_BUNDLE_IDENTIFIER = HTW.CampusEventAppTests;
				PRODUCT_NAME = "$(TARGET_NAME)";
				SWIFT_EMIT_LOC_STRINGS = NO;
				SWIFT_VERSION = 5.0;
				TARGETED_DEVICE_FAMILY = "1,2";
				TEST_HOST = "$(BUILT_PRODUCTS_DIR)/CampusEventApp.app/$(BUNDLE_EXECUTABLE_FOLDER_PATH)/CampusEventApp";
			};
			name = Release;
		};
		E6451F4E2BF7D2A900E8F481 /* Debug */ = {
			isa = XCBuildConfiguration;
			buildSettings = {
				ALWAYS_EMBED_SWIFT_STANDARD_LIBRARIES = YES;
				CODE_SIGN_STYLE = Automatic;
				CURRENT_PROJECT_VERSION = 1;
				GENERATE_INFOPLIST_FILE = YES;
				MARKETING_VERSION = 1.0;
				PRODUCT_BUNDLE_IDENTIFIER = HTW.CampusEventAppUITests;
				PRODUCT_NAME = "$(TARGET_NAME)";
				SWIFT_EMIT_LOC_STRINGS = NO;
				SWIFT_VERSION = 5.0;
				TARGETED_DEVICE_FAMILY = "1,2";
				TEST_TARGET_NAME = CampusEventApp;
			};
			name = Debug;
		};
		E6451F4F2BF7D2A900E8F481 /* Release */ = {
			isa = XCBuildConfiguration;
			buildSettings = {
				ALWAYS_EMBED_SWIFT_STANDARD_LIBRARIES = YES;
				CODE_SIGN_STYLE = Automatic;
				CURRENT_PROJECT_VERSION = 1;
				GENERATE_INFOPLIST_FILE = YES;
				MARKETING_VERSION = 1.0;
				PRODUCT_BUNDLE_IDENTIFIER = HTW.CampusEventAppUITests;
				PRODUCT_NAME = "$(TARGET_NAME)";
				SWIFT_EMIT_LOC_STRINGS = NO;
				SWIFT_VERSION = 5.0;
				TARGETED_DEVICE_FAMILY = "1,2";
				TEST_TARGET_NAME = CampusEventApp;
			};
			name = Release;
		};
/* End XCBuildConfiguration section */

/* Begin XCConfigurationList section */
		E6451F1E2BF7D2A800E8F481 /* Build configuration list for PBXProject "CampusEventApp" */ = {
			isa = XCConfigurationList;
			buildConfigurations = (
				E6451F452BF7D2A900E8F481 /* Debug */,
				E6451F462BF7D2A900E8F481 /* Release */,
			);
			defaultConfigurationIsVisible = 0;
			defaultConfigurationName = Release;
		};
		E6451F472BF7D2A900E8F481 /* Build configuration list for PBXNativeTarget "CampusEventApp" */ = {
			isa = XCConfigurationList;
			buildConfigurations = (
				E6451F482BF7D2A900E8F481 /* Debug */,
				E6451F492BF7D2A900E8F481 /* Release */,
			);
			defaultConfigurationIsVisible = 0;
			defaultConfigurationName = Release;
		};
		E6451F4A2BF7D2A900E8F481 /* Build configuration list for PBXNativeTarget "CampusEventAppTests" */ = {
			isa = XCConfigurationList;
			buildConfigurations = (
				E6451F4B2BF7D2A900E8F481 /* Debug */,
				E6451F4C2BF7D2A900E8F481 /* Release */,
			);
			defaultConfigurationIsVisible = 0;
			defaultConfigurationName = Release;
		};
		E6451F4D2BF7D2A900E8F481 /* Build configuration list for PBXNativeTarget "CampusEventAppUITests" */ = {
			isa = XCConfigurationList;
			buildConfigurations = (
				E6451F4E2BF7D2A900E8F481 /* Debug */,
				E6451F4F2BF7D2A900E8F481 /* Release */,
			);
			defaultConfigurationIsVisible = 0;
			defaultConfigurationName = Release;
		};
/* End XCConfigurationList section */

/* Begin XCRemoteSwiftPackageReference section */
		E67AAE142C0DF4EF00DFE963 /* XCRemoteSwiftPackageReference "firebase-ios-sdk" */ = {
			isa = XCRemoteSwiftPackageReference;
			repositoryURL = "https://github.com/firebase/firebase-ios-sdk";
			requirement = {
				kind = upToNextMajorVersion;
				minimumVersion = 10.27.0;
			};
		};
/* End XCRemoteSwiftPackageReference section */

/* Begin XCSwiftPackageProductDependency section */
		E67AAE152C0DF4EF00DFE963 /* FirebaseAnalytics */ = {
			isa = XCSwiftPackageProductDependency;
			package = E67AAE142C0DF4EF00DFE963 /* XCRemoteSwiftPackageReference "firebase-ios-sdk" */;
			productName = FirebaseAnalytics;
		};
		E67AAE172C0DF4EF00DFE963 /* FirebaseAnalyticsOnDeviceConversion */ = {
			isa = XCSwiftPackageProductDependency;
			package = E67AAE142C0DF4EF00DFE963 /* XCRemoteSwiftPackageReference "firebase-ios-sdk" */;
			productName = FirebaseAnalyticsOnDeviceConversion;
		};
		E67AAE192C0DF4EF00DFE963 /* FirebaseAnalyticsSwift */ = {
			isa = XCSwiftPackageProductDependency;
			package = E67AAE142C0DF4EF00DFE963 /* XCRemoteSwiftPackageReference "firebase-ios-sdk" */;
			productName = FirebaseAnalyticsSwift;
		};
		E67AAE1B2C0DF4EF00DFE963 /* FirebaseAnalyticsWithoutAdIdSupport */ = {
			isa = XCSwiftPackageProductDependency;
			package = E67AAE142C0DF4EF00DFE963 /* XCRemoteSwiftPackageReference "firebase-ios-sdk" */;
			productName = FirebaseAnalyticsWithoutAdIdSupport;
		};
		E67AAE1D2C0DF4EF00DFE963 /* FirebaseAppCheck */ = {
			isa = XCSwiftPackageProductDependency;
			package = E67AAE142C0DF4EF00DFE963 /* XCRemoteSwiftPackageReference "firebase-ios-sdk" */;
			productName = FirebaseAppCheck;
		};
		E67AAE1F2C0DF4EF00DFE963 /* FirebaseAppDistribution-Beta */ = {
			isa = XCSwiftPackageProductDependency;
			package = E67AAE142C0DF4EF00DFE963 /* XCRemoteSwiftPackageReference "firebase-ios-sdk" */;
			productName = "FirebaseAppDistribution-Beta";
		};
		E67AAE212C0DF4EF00DFE963 /* FirebaseAuth */ = {
			isa = XCSwiftPackageProductDependency;
			package = E67AAE142C0DF4EF00DFE963 /* XCRemoteSwiftPackageReference "firebase-ios-sdk" */;
			productName = FirebaseAuth;
		};
		E67AAE232C0DF4EF00DFE963 /* FirebaseAuthCombine-Community */ = {
			isa = XCSwiftPackageProductDependency;
			package = E67AAE142C0DF4EF00DFE963 /* XCRemoteSwiftPackageReference "firebase-ios-sdk" */;
			productName = "FirebaseAuthCombine-Community";
		};
		E67AAE252C0DF4EF00DFE963 /* FirebaseCrashlytics */ = {
			isa = XCSwiftPackageProductDependency;
			package = E67AAE142C0DF4EF00DFE963 /* XCRemoteSwiftPackageReference "firebase-ios-sdk" */;
			productName = FirebaseCrashlytics;
		};
		E67AAE272C0DF4EF00DFE963 /* FirebaseDatabase */ = {
			isa = XCSwiftPackageProductDependency;
			package = E67AAE142C0DF4EF00DFE963 /* XCRemoteSwiftPackageReference "firebase-ios-sdk" */;
			productName = FirebaseDatabase;
		};
		E67AAE292C0DF4EF00DFE963 /* FirebaseDatabaseSwift */ = {
			isa = XCSwiftPackageProductDependency;
			package = E67AAE142C0DF4EF00DFE963 /* XCRemoteSwiftPackageReference "firebase-ios-sdk" */;
			productName = FirebaseDatabaseSwift;
		};
		E67AAE2B2C0DF4EF00DFE963 /* FirebaseDynamicLinks */ = {
			isa = XCSwiftPackageProductDependency;
			package = E67AAE142C0DF4EF00DFE963 /* XCRemoteSwiftPackageReference "firebase-ios-sdk" */;
			productName = FirebaseDynamicLinks;
		};
		E67AAE2D2C0DF4EF00DFE963 /* FirebaseFirestore */ = {
			isa = XCSwiftPackageProductDependency;
			package = E67AAE142C0DF4EF00DFE963 /* XCRemoteSwiftPackageReference "firebase-ios-sdk" */;
			productName = FirebaseFirestore;
		};
		E67AAE2F2C0DF4EF00DFE963 /* FirebaseFirestoreCombine-Community */ = {
			isa = XCSwiftPackageProductDependency;
			package = E67AAE142C0DF4EF00DFE963 /* XCRemoteSwiftPackageReference "firebase-ios-sdk" */;
			productName = "FirebaseFirestoreCombine-Community";
		};
		E67AAE312C0DF4EF00DFE963 /* FirebaseFirestoreSwift */ = {
			isa = XCSwiftPackageProductDependency;
			package = E67AAE142C0DF4EF00DFE963 /* XCRemoteSwiftPackageReference "firebase-ios-sdk" */;
			productName = FirebaseFirestoreSwift;
		};
		E67AAE332C0DF4EF00DFE963 /* FirebaseFunctions */ = {
			isa = XCSwiftPackageProductDependency;
			package = E67AAE142C0DF4EF00DFE963 /* XCRemoteSwiftPackageReference "firebase-ios-sdk" */;
			productName = FirebaseFunctions;
		};
		E67AAE352C0DF4EF00DFE963 /* FirebaseFunctionsCombine-Community */ = {
			isa = XCSwiftPackageProductDependency;
			package = E67AAE142C0DF4EF00DFE963 /* XCRemoteSwiftPackageReference "firebase-ios-sdk" */;
			productName = "FirebaseFunctionsCombine-Community";
		};
		E67AAE372C0DF4EF00DFE963 /* FirebaseInAppMessaging-Beta */ = {
			isa = XCSwiftPackageProductDependency;
			package = E67AAE142C0DF4EF00DFE963 /* XCRemoteSwiftPackageReference "firebase-ios-sdk" */;
			productName = "FirebaseInAppMessaging-Beta";
		};
		E67AAE392C0DF4EF00DFE963 /* FirebaseInAppMessagingSwift-Beta */ = {
			isa = XCSwiftPackageProductDependency;
			package = E67AAE142C0DF4EF00DFE963 /* XCRemoteSwiftPackageReference "firebase-ios-sdk" */;
			productName = "FirebaseInAppMessagingSwift-Beta";
		};
		E67AAE3B2C0DF4EF00DFE963 /* FirebaseInstallations */ = {
			isa = XCSwiftPackageProductDependency;
			package = E67AAE142C0DF4EF00DFE963 /* XCRemoteSwiftPackageReference "firebase-ios-sdk" */;
			productName = FirebaseInstallations;
		};
		E67AAE3D2C0DF4EF00DFE963 /* FirebaseMLModelDownloader */ = {
			isa = XCSwiftPackageProductDependency;
			package = E67AAE142C0DF4EF00DFE963 /* XCRemoteSwiftPackageReference "firebase-ios-sdk" */;
			productName = FirebaseMLModelDownloader;
		};
		E67AAE3F2C0DF4EF00DFE963 /* FirebaseMessaging */ = {
			isa = XCSwiftPackageProductDependency;
			package = E67AAE142C0DF4EF00DFE963 /* XCRemoteSwiftPackageReference "firebase-ios-sdk" */;
			productName = FirebaseMessaging;
		};
		E67AAE412C0DF4EF00DFE963 /* FirebasePerformance */ = {
			isa = XCSwiftPackageProductDependency;
			package = E67AAE142C0DF4EF00DFE963 /* XCRemoteSwiftPackageReference "firebase-ios-sdk" */;
			productName = FirebasePerformance;
		};
		E67AAE432C0DF4EF00DFE963 /* FirebaseRemoteConfig */ = {
			isa = XCSwiftPackageProductDependency;
			package = E67AAE142C0DF4EF00DFE963 /* XCRemoteSwiftPackageReference "firebase-ios-sdk" */;
			productName = FirebaseRemoteConfig;
		};
		E67AAE452C0DF4EF00DFE963 /* FirebaseRemoteConfigSwift */ = {
			isa = XCSwiftPackageProductDependency;
			package = E67AAE142C0DF4EF00DFE963 /* XCRemoteSwiftPackageReference "firebase-ios-sdk" */;
			productName = FirebaseRemoteConfigSwift;
		};
		E67AAE472C0DF4EF00DFE963 /* FirebaseStorage */ = {
			isa = XCSwiftPackageProductDependency;
			package = E67AAE142C0DF4EF00DFE963 /* XCRemoteSwiftPackageReference "firebase-ios-sdk" */;
			productName = FirebaseStorage;
		};
		E67AAE492C0DF4EF00DFE963 /* FirebaseStorageCombine-Community */ = {
			isa = XCSwiftPackageProductDependency;
			package = E67AAE142C0DF4EF00DFE963 /* XCRemoteSwiftPackageReference "firebase-ios-sdk" */;
			productName = "FirebaseStorageCombine-Community";
		};
		E67AAE4B2C0DF4EF00DFE963 /* FirebaseVertexAI-Preview */ = {
			isa = XCSwiftPackageProductDependency;
			package = E67AAE142C0DF4EF00DFE963 /* XCRemoteSwiftPackageReference "firebase-ios-sdk" */;
			productName = "FirebaseVertexAI-Preview";
		};
/* End XCSwiftPackageProductDependency section */
	};
	rootObject = E6451F1B2BF7D2A800E8F481 /* Project object */;
}
